{
    "name": "data-structures-and-algorithms",
    "version": "1.0.0",
    "lockfileVersion": 2,
    "requires": true,
    "packages": {
        "": {
            "name": "data-structures-and-algorithms",
            "version": "1.0.0",
            "license": "ISC",
            "dependencies": {
                "@types/node": "^18.7.14",
                "inversify": "^6.0.1",
                "reflect-metadata": "^0.1.13"
            }
        },
        "node_modules/@types/node": {
            "version": "18.7.14",
            "resolved": "https://registry.npmjs.org/@types/node/-/node-18.7.14.tgz",
            "integrity": "sha512-6bbDaETVi8oyIARulOE9qF1/Qdi/23z6emrUh0fNJRUmjznqrixD4MpGDdgOFk5Xb0m2H6Xu42JGdvAxaJR/wA=="
        },
        "node_modules/inversify": {
            "version": "6.0.1",
            "resolved": "https://registry.npmjs.org/inversify/-/inversify-6.0.1.tgz",
            "integrity": "sha512-B3ex30927698TJENHR++8FfEaJGqoWOgI6ZY5Ht/nLUsFCwHn6akbwtnUAPCgUepAnTpe2qHxhDNjoKLyz6rgQ=="
        },
        "node_modules/reflect-metadata": {
            "version": "0.1.13",
            "resolved": "https://registry.npmjs.org/reflect-metadata/-/reflect-metadata-0.1.13.tgz",
            "integrity": "sha512-Ts1Y/anZELhSsjMcU605fU9RE4Oi3p5ORujwbIKXfWa+0Zxs510Qrmrce5/Jowq3cHSZSJqBjypxmHarc+vEWg=="
        }
    },
    "dependencies": {
        "@types/node": {
            "version": "18.7.14",
            "resolved": "https://registry.npmjs.org/@types/node/-/node-18.7.14.tgz",
            "integrity": "sha512-6bbDaETVi8oyIARulOE9qF1/Qdi/23z6emrUh0fNJRUmjznqrixD4MpGDdgOFk5Xb0m2H6Xu42JGdvAxaJR/wA=="
        },
        "inversify": {
            "version": "6.0.1",
            "resolved": "https://registry.npmjs.org/inversify/-/inversify-6.0.1.tgz",
            "integrity": "sha512-B3ex30927698TJENHR++8FfEaJGqoWOgI6ZY5Ht/nLUsFCwHn6akbwtnUAPCgUepAnTpe2qHxhDNjoKLyz6rgQ=="
        },
        "reflect-metadata": {
            "version": "0.1.13",
            "resolved": "https://registry.npmjs.org/reflect-metadata/-/reflect-metadata-0.1.13.tgz",
            "integrity": "sha512-Ts1Y/anZELhSsjMcU605fU9RE4Oi3p5ORujwbIKXfWa+0Zxs510Qrmrce5/Jowq3cHSZSJqBjypxmHarc+vEWg=="
        }
    }
}
